// !$*UTF8*$!
{
	archiveVersion = 1;
	classes = {
	};
	objectVersion = 55;
	objects = {

/* Begin PBXBuildFile section */
		9D9C0C202788720700EA06F1 /* AppDelegate.swift in Sources */ = {isa = PBXBuildFile; fileRef = 9D9C0C1F2788720700EA06F1 /* AppDelegate.swift */; };
		9D9C0C222788720700EA06F1 /* SceneDelegate.swift in Sources */ = {isa = PBXBuildFile; fileRef = 9D9C0C212788720700EA06F1 /* SceneDelegate.swift */; };
		9D9C0C242788720700EA06F1 /* ViewController.swift in Sources */ = {isa = PBXBuildFile; fileRef = 9D9C0C232788720700EA06F1 /* ViewController.swift */; };
		9D9C0C272788720700EA06F1 /* Main.storyboard in Resources */ = {isa = PBXBuildFile; fileRef = 9D9C0C252788720700EA06F1 /* Main.storyboard */; };
		9D9C0C292788720800EA06F1 /* Assets.xcassets in Resources */ = {isa = PBXBuildFile; fileRef = 9D9C0C282788720800EA06F1 /* Assets.xcassets */; };
		9D9C0C2C2788720800EA06F1 /* LaunchScreen.storyboard in Resources */ = {isa = PBXBuildFile; fileRef = 9D9C0C2A2788720800EA06F1 /* LaunchScreen.storyboard */; };
		9D9C0C372788720900EA06F1 /* CalculadoraTests.swift in Sources */ = {isa = PBXBuildFile; fileRef = 9D9C0C362788720900EA06F1 /* CalculadoraTests.swift */; };
		9D9C0C412788720900EA06F1 /* CalculadoraUITests.swift in Sources */ = {isa = PBXBuildFile; fileRef = 9D9C0C402788720900EA06F1 /* CalculadoraUITests.swift */; };
		9D9C0C432788720900EA06F1 /* CalculadoraUITestsLaunchTests.swift in Sources */ = {isa = PBXBuildFile; fileRef = 9D9C0C422788720900EA06F1 /* CalculadoraUITestsLaunchTests.swift */; };
/* End PBXBuildFile section */

/* Begin PBXContainerItemProxy section */
		9D9C0C332788720900EA06F1 /* PBXContainerItemProxy */ = {
			isa = PBXContainerItemProxy;
			containerPortal = 9D9C0C142788720700EA06F1 /* Project object */;
			proxyType = 1;
			remoteGlobalIDString = 9D9C0C1B2788720700EA06F1;
			remoteInfo = Calculadora;
		};
		9D9C0C3D2788720900EA06F1 /* PBXContainerItemProxy */ = {
			isa = PBXContainerItemProxy;
			containerPortal = 9D9C0C142788720700EA06F1 /* Project object */;
			proxyType = 1;
			remoteGlobalIDString = 9D9C0C1B2788720700EA06F1;
			remoteInfo = Calculadora;
		};
/* End PBXContainerItemProxy section */

/* Begin PBXFileReference section */
		9D9C0C1C2788720700EA06F1 /* Calculadora.app */ = {isa = PBXFileReference; explicitFileType = wrapper.application; includeInIndex = 0; path = Calculadora.app; sourceTree = BUILT_PRODUCTS_DIR; };
		9D9C0C1F2788720700EA06F1 /* AppDelegate.swift */ = {isa = PBXFileReference; lastKnownFileType = sourcecode.swift; path = AppDelegate.swift; sourceTree = "<group>"; };
		9D9C0C212788720700EA06F1 /* SceneDelegate.swift */ = {isa = PBXFileReference; lastKnownFileType = sourcecode.swift; path = SceneDelegate.swift; sourceTree = "<group>"; };
		9D9C0C232788720700EA06F1 /* ViewController.swift */ = {isa = PBXFileReference; lastKnownFileType = sourcecode.swift; path = ViewController.swift; sourceTree = "<group>"; };
		9D9C0C262788720700EA06F1 /* Base */ = {isa = PBXFileReference; lastKnownFileType = file.storyboard; name = Base; path = Base.lproj/Main.storyboard; sourceTree = "<group>"; };
		9D9C0C282788720800EA06F1 /* Assets.xcassets */ = {isa = PBXFileReference; lastKnownFileType = folder.assetcatalog; path = Assets.xcassets; sourceTree = "<group>"; };
		9D9C0C2B2788720800EA06F1 /* Base */ = {isa = PBXFileReference; lastKnownFileType = file.storyboard; name = Base; path = Base.lproj/LaunchScreen.storyboard; sourceTree = "<group>"; };
		9D9C0C2D2788720800EA06F1 /* Info.plist */ = {isa = PBXFileReference; lastKnownFileType = text.plist.xml; path = Info.plist; sourceTree = "<group>"; };
		9D9C0C322788720900EA06F1 /* CalculadoraTests.xctest */ = {isa = PBXFileReference; explicitFileType = wrapper.cfbundle; includeInIndex = 0; path = CalculadoraTests.xctest; sourceTree = BUILT_PRODUCTS_DIR; };
		9D9C0C362788720900EA06F1 /* CalculadoraTests.swift */ = {isa = PBXFileReference; lastKnownFileType = sourcecode.swift; path = CalculadoraTests.swift; sourceTree = "<group>"; };
		9D9C0C3C2788720900EA06F1 /* CalculadoraUITests.xctest */ = {isa = PBXFileReference; explicitFileType = wrapper.cfbundle; includeInIndex = 0; path = CalculadoraUITests.xctest; sourceTree = BUILT_PRODUCTS_DIR; };
		9D9C0C402788720900EA06F1 /* CalculadoraUITests.swift */ = {isa = PBXFileReference; lastKnownFileType = sourcecode.swift; path = CalculadoraUITests.swift; sourceTree = "<group>"; };
		9D9C0C422788720900EA06F1 /* CalculadoraUITestsLaunchTests.swift */ = {isa = PBXFileReference; lastKnownFileType = sourcecode.swift; path = CalculadoraUITestsLaunchTests.swift; sourceTree = "<group>"; };
/* End PBXFileReference section */

/* Begin PBXFrameworksBuildPhase section */
		9D9C0C192788720700EA06F1 /* Frameworks */ = {
			isa = PBXFrameworksBuildPhase;
			buildActionMask = 2147483647;
			files = (
			);
			runOnlyForDeploymentPostprocessing = 0;
		};
		9D9C0C2F2788720900EA06F1 /* Frameworks */ = {
			isa = PBXFrameworksBuildPhase;
			buildActionMask = 2147483647;
			files = (
			);
			runOnlyForDeploymentPostprocessing = 0;
		};
		9D9C0C392788720900EA06F1 /* Frameworks */ = {
			isa = PBXFrameworksBuildPhase;
			buildActionMask = 2147483647;
			files = (
			);
			runOnlyForDeploymentPostprocessing = 0;
		};
/* End PBXFrameworksBuildPhase section */

/* Begin PBXGroup section */
		9D9C0C132788720700EA06F1 = {
			isa = PBXGroup;
			children = (
				9D9C0C1E2788720700EA06F1 /* Calculadora */,
				9D9C0C352788720900EA06F1 /* CalculadoraTests */,
				9D9C0C3F2788720900EA06F1 /* CalculadoraUITests */,
				9D9C0C1D2788720700EA06F1 /* Products */,
			);
			sourceTree = "<group>";
		};
		9D9C0C1D2788720700EA06F1 /* Products */ = {
			isa = PBXGroup;
			children = (
				9D9C0C1C2788720700EA06F1 /* Calculadora.app */,
				9D9C0C322788720900EA06F1 /* CalculadoraTests.xctest */,
				9D9C0C3C2788720900EA06F1 /* CalculadoraUITests.xctest */,
			);
			name = Products;
			sourceTree = "<group>";
		};
		9D9C0C1E2788720700EA06F1 /* Calculadora */ = {
			isa = PBXGroup;
			children = (
				9D9C0C1F2788720700EA06F1 /* AppDelegate.swift */,
				9D9C0C212788720700EA06F1 /* SceneDelegate.swift */,
				9D9C0C232788720700EA06F1 /* ViewController.swift */,
				9D9C0C252788720700EA06F1 /* Main.storyboard */,
				9D9C0C282788720800EA06F1 /* Assets.xcassets */,
				9D9C0C2A2788720800EA06F1 /* LaunchScreen.storyboard */,
				9D9C0C2D2788720800EA06F1 /* Info.plist */,
			);
			path = Calculadora;
			sourceTree = "<group>";
		};
		9D9C0C352788720900EA06F1 /* CalculadoraTests */ = {
			isa = PBXGroup;
			children = (
				9D9C0C362788720900EA06F1 /* CalculadoraTests.swift */,
			);
			path = CalculadoraTests;
			sourceTree = "<group>";
		};
		9D9C0C3F2788720900EA06F1 /* CalculadoraUITests */ = {
			isa = PBXGroup;
			children = (
				9D9C0C402788720900EA06F1 /* CalculadoraUITests.swift */,
				9D9C0C422788720900EA06F1 /* CalculadoraUITestsLaunchTests.swift */,
			);
			path = CalculadoraUITests;
			sourceTree = "<group>";
		};
/* End PBXGroup section */

/* Begin PBXNativeTarget section */
		9D9C0C1B2788720700EA06F1 /* Calculadora */ = {
			isa = PBXNativeTarget;
			buildConfigurationList = 9D9C0C462788720900EA06F1 /* Build configuration list for PBXNativeTarget "Calculadora" */;
			buildPhases = (
				9D9C0C182788720700EA06F1 /* Sources */,
				9D9C0C192788720700EA06F1 /* Frameworks */,
				9D9C0C1A2788720700EA06F1 /* Resources */,
			);
			buildRules = (
			);
			dependencies = (
			);
			name = Calculadora;
			productName = Calculadora;
			productReference = 9D9C0C1C2788720700EA06F1 /* Calculadora.app */;
			productType = "com.apple.product-type.application";
		};
		9D9C0C312788720900EA06F1 /* CalculadoraTests */ = {
			isa = PBXNativeTarget;
			buildConfigurationList = 9D9C0C492788720900EA06F1 /* Build configuration list for PBXNativeTarget "CalculadoraTests" */;
			buildPhases = (
				9D9C0C2E2788720900EA06F1 /* Sources */,
				9D9C0C2F2788720900EA06F1 /* Frameworks */,
				9D9C0C302788720900EA06F1 /* Resources */,
			);
			buildRules = (
			);
			dependencies = (
				9D9C0C342788720900EA06F1 /* PBXTargetDependency */,
			);
			name = CalculadoraTests;
			productName = CalculadoraTests;
			productReference = 9D9C0C322788720900EA06F1 /* CalculadoraTests.xctest */;
			productType = "com.apple.product-type.bundle.unit-test";
		};
		9D9C0C3B2788720900EA06F1 /* CalculadoraUITests */ = {
			isa = PBXNativeTarget;
			buildConfigurationList = 9D9C0C4C2788720900EA06F1 /* Build configuration list for PBXNativeTarget "CalculadoraUITests" */;
			buildPhases = (
				9D9C0C382788720900EA06F1 /* Sources */,
				9D9C0C392788720900EA06F1 /* Frameworks */,
				9D9C0C3A2788720900EA06F1 /* Resources */,
			);
			buildRules = (
			);
			dependencies = (
				9D9C0C3E2788720900EA06F1 /* PBXTargetDependency */,
			);
			name = CalculadoraUITests;
			productName = CalculadoraUITests;
			productReference = 9D9C0C3C2788720900EA06F1 /* CalculadoraUITests.xctest */;
			productType = "com.apple.product-type.bundle.ui-testing";
		};
/* End PBXNativeTarget section */

/* Begin PBXProject section */
		9D9C0C142788720700EA06F1 /* Project object */ = {
			isa = PBXProject;
			attributes = {
				BuildIndependentTargetsInParallel = 1;
				KnownAssetTags = (
					7,
					8,
				);
				LastSwiftUpdateCheck = 1310;
				LastUpgradeCheck = 1310;
				TargetAttributes = {
					9D9C0C1B2788720700EA06F1 = {
						CreatedOnToolsVersion = 13.1;
					};
					9D9C0C312788720900EA06F1 = {
						CreatedOnToolsVersion = 13.1;
						TestTargetID = 9D9C0C1B2788720700EA06F1;
					};
					9D9C0C3B2788720900EA06F1 = {
						CreatedOnToolsVersion = 13.1;
						TestTargetID = 9D9C0C1B2788720700EA06F1;
					};
				};
			};
			buildConfigurationList = 9D9C0C172788720700EA06F1 /* Build configuration list for PBXProject "Calculadora" */;
			compatibilityVersion = "Xcode 13.0";
			developmentRegion = en;
			hasScannedForEncodings = 0;
			knownRegions = (
				en,
				Base,
			);
			mainGroup = 9D9C0C132788720700EA06F1;
			productRefGroup = 9D9C0C1D2788720700EA06F1 /* Products */;
			projectDirPath = "";
			projectRoot = "";
			targets = (
				9D9C0C1B2788720700EA06F1 /* Calculadora */,
				9D9C0C312788720900EA06F1 /* CalculadoraTests */,
				9D9C0C3B2788720900EA06F1 /* CalculadoraUITests */,
			);
		};
/* End PBXProject section */

/* Begin PBXResourcesBuildPhase section */
		9D9C0C1A2788720700EA06F1 /* Resources */ = {
			isa = PBXResourcesBuildPhase;
			buildActionMask = 2147483647;
			files = (
				9D9C0C2C2788720800EA06F1 /* LaunchScreen.storyboard in Resources */,
				9D9C0C292788720800EA06F1 /* Assets.xcassets in Resources */,
				9D9C0C272788720700EA06F1 /* Main.storyboard in Resources */,
			);
			runOnlyForDeploymentPostprocessing = 0;
		};
		9D9C0C302788720900EA06F1 /* Resources */ = {
			isa = PBXResourcesBuildPhase;
			buildActionMask = 2147483647;
			files = (
			);
			runOnlyForDeploymentPostprocessing = 0;
		};
		9D9C0C3A2788720900EA06F1 /* Resources */ = {
			isa = PBXResourcesBuildPhase;
			buildActionMask = 2147483647;
			files = (
			);
			runOnlyForDeploymentPostprocessing = 0;
		};
/* End PBXResourcesBuildPhase section */

/* Begin PBXSourcesBuildPhase section */
		9D9C0C182788720700EA06F1 /* Sources */ = {
			isa = PBXSourcesBuildPhase;
			buildActionMask = 2147483647;
			files = (
				9D9C0C242788720700EA06F1 /* ViewController.swift in Sources */,
				9D9C0C202788720700EA06F1 /* AppDelegate.swift in Sources */,
				9D9C0C222788720700EA06F1 /* SceneDelegate.swift in Sources */,
			);
			runOnlyForDeploymentPostprocessing = 0;
		};
		9D9C0C2E2788720900EA06F1 /* Sources */ = {
			isa = PBXSourcesBuildPhase;
			buildActionMask = 2147483647;
			files = (
				9D9C0C372788720900EA06F1 /* CalculadoraTests.swift in Sources */,
			);
			runOnlyForDeploymentPostprocessing = 0;
		};
		9D9C0C382788720900EA06F1 /* Sources */ = {
			isa = PBXSourcesBuildPhase;
			buildActionMask = 2147483647;
			files = (
				9D9C0C432788720900EA06F1 /* CalculadoraUITestsLaunchTests.swift in Sources */,
				9D9C0C412788720900EA06F1 /* CalculadoraUITests.swift in Sources */,
			);
			runOnlyForDeploymentPostprocessing = 0;
		};
/* End PBXSourcesBuildPhase section */

/* Begin PBXTargetDependency section */
		9D9C0C342788720900EA06F1 /* PBXTargetDependency */ = {
			isa = PBXTargetDependency;
			target = 9D9C0C1B2788720700EA06F1 /* Calculadora */;
			targetProxy = 9D9C0C332788720900EA06F1 /* PBXContainerItemProxy */;
		};
		9D9C0C3E2788720900EA06F1 /* PBXTargetDependency */ = {
			isa = PBXTargetDependency;
			target = 9D9C0C1B2788720700EA06F1 /* Calculadora */;
			targetProxy = 9D9C0C3D2788720900EA06F1 /* PBXContainerItemProxy */;
		};
/* End PBXTargetDependency section */

/* Begin PBXVariantGroup section */
		9D9C0C252788720700EA06F1 /* Main.storyboard */ = {
			isa = PBXVariantGroup;
			children = (
				9D9C0C262788720700EA06F1 /* Base */,
			);
			name = Main.storyboard;
			sourceTree = "<group>";
		};
		9D9C0C2A2788720800EA06F1 /* LaunchScreen.storyboard */ = {
			isa = PBXVariantGroup;
			children = (
				9D9C0C2B2788720800EA06F1 /* Base */,
			);
			name = LaunchScreen.storyboard;
			sourceTree = "<group>";
		};
/* End PBXVariantGroup section */

/* Begin XCBuildConfiguration section */
		9D9C0C442788720900EA06F1 /* Debug */ = {
			isa = XCBuildConfiguration;
			buildSettings = {
				ALWAYS_SEARCH_USER_PATHS = NO;
				CLANG_ANALYZER_NONNULL = YES;
				CLANG_ANALYZER_NUMBER_OBJECT_CONVERSION = YES_AGGRESSIVE;
				CLANG_CXX_LANGUAGE_STANDARD = "gnu++17";
				CLANG_CXX_LIBRARY = "libc++";
				CLANG_ENABLE_MODULES = YES;
				CLANG_ENABLE_OBJC_ARC = YES;
				CLANG_ENABLE_OBJC_WEAK = YES;
				CLANG_WARN_BLOCK_CAPTURE_AUTORELEASING = YES;
				CLANG_WARN_BOOL_CONVERSION = YES;
				CLANG_WARN_COMMA = YES;
				CLANG_WARN_CONSTANT_CONVERSION = YES;
				CLANG_WARN_DEPRECATED_OBJC_IMPLEMENTATIONS = YES;
				CLANG_WARN_DIRECT_OBJC_ISA_USAGE = YES_ERROR;
				CLANG_WARN_DOCUMENTATION_COMMENTS = YES;
				CLANG_WARN_EMPTY_BODY = YES;
				CLANG_WARN_ENUM_CONVERSION = YES;
				CLANG_WARN_INFINITE_RECURSION = YES;
				CLANG_WARN_INT_CONVERSION = YES;
				CLANG_WARN_NON_LITERAL_NULL_CONVERSION = YES;
				CLANG_WARN_OBJC_IMPLICIT_RETAIN_SELF = YES;
				CLANG_WARN_OBJC_LITERAL_CONVERSION = YES;
				CLANG_WARN_OBJC_ROOT_CLASS = YES_ERROR;
				CLANG_WARN_QUOTED_INCLUDE_IN_FRAMEWORK_HEADER = YES;
				CLANG_WARN_RANGE_LOOP_ANALYSIS = YES;
				CLANG_WARN_STRICT_PROTOTYPES = YES;
				CLANG_WARN_SUSPICIOUS_MOVE = YES;
				CLANG_WARN_UNGUARDED_AVAILABILITY = YES_AGGRESSIVE;
				CLANG_WARN_UNREACHABLE_CODE = YES;
				CLANG_WARN__DUPLICATE_METHOD_MATCH = YES;
				COPY_PHASE_STRIP = NO;
				DEBUG_INFORMATION_FORMAT = dwarf;
				ENABLE_STRICT_OBJC_MSGSEND = YES;
				ENABLE_TESTABILITY = YES;
				GCC_C_LANGUAGE_STANDARD = gnu11;
				GCC_DYNAMIC_NO_PIC = NO;
				GCC_NO_COMMON_BLOCKS = YES;
				GCC_OPTIMIZATION_LEVEL = 0;
				GCC_PREPROCESSOR_DEFINITIONS = (
					"DEBUG=1",
					"$(inherited)",
				);
				GCC_WARN_64_TO_32_BIT_CONVERSION = YES;
				GCC_WARN_ABOUT_RETURN_TYPE = YES_ERROR;
				GCC_WARN_UNDECLARED_SELECTOR = YES;
				GCC_WARN_UNINITIALIZED_AUTOS = YES_AGGRESSIVE;
				GCC_WARN_UNUSED_FUNCTION = YES;
				GCC_WARN_UNUSED_VARIABLE = YES;
				IPHONEOS_DEPLOYMENT_TARGET = 15.0;
				MTL_ENABLE_DEBUG_INFO = INCLUDE_SOURCE;
				MTL_FAST_MATH = YES;
				ONLY_ACTIVE_ARCH = YES;
				SDKROOT = iphoneos;
				SWIFT_ACTIVE_COMPILATION_CONDITIONS = DEBUG;
				SWIFT_OPTIMIZATION_LEVEL = "-Onone";
			};
			name = Debug;
		};
		9D9C0C452788720900EA06F1 /* Release */ = {
			isa = XCBuildConfiguration;
			buildSettings = {
				ALWAYS_SEARCH_USER_PATHS = NO;
				CLANG_ANALYZER_NONNULL = YES;
				CLANG_ANALYZER_NUMBER_OBJECT_CONVERSION = YES_AGGRESSIVE;
				CLANG_CXX_LANGUAGE_STANDARD = "gnu++17";
				CLANG_CXX_LIBRARY = "libc++";
				CLANG_ENABLE_MODULES = YES;
				CLANG_ENABLE_OBJC_ARC = YES;
				CLANG_ENABLE_OBJC_WEAK = YES;
				CLANG_WARN_BLOCK_CAPTURE_AUTORELEASING = YES;
				CLANG_WARN_BOOL_CONVERSION = YES;
				CLANG_WARN_COMMA = YES;
				CLANG_WARN_CONSTANT_CONVERSION = YES;
				CLANG_WARN_DEPRECATED_OBJC_IMPLEMENTATIONS = YES;
				CLANG_WARN_DIRECT_OBJC_ISA_USAGE = YES_ERROR;
				CLANG_WARN_DOCUMENTATION_COMMENTS = YES;
				CLANG_WARN_EMPTY_BODY = YES;
				CLANG_WARN_ENUM_CONVERSION = YES;
				CLANG_WARN_INFINITE_RECURSION = YES;
				CLANG_WARN_INT_CONVERSION = YES;
				CLANG_WARN_NON_LITERAL_NULL_CONVERSION = YES;
				CLANG_WARN_OBJC_IMPLICIT_RETAIN_SELF = YES;
				CLANG_WARN_OBJC_LITERAL_CONVERSION = YES;
				CLANG_WARN_OBJC_ROOT_CLASS = YES_ERROR;
				CLANG_WARN_QUOTED_INCLUDE_IN_FRAMEWORK_HEADER = YES;
				CLANG_WARN_RANGE_LOOP_ANALYSIS = YES;
				CLANG_WARN_STRICT_PROTOTYPES = YES;
				CLANG_WARN_SUSPICIOUS_MOVE = YES;
				CLANG_WARN_UNGUARDED_AVAILABILITY = YES_AGGRESSIVE;
				CLANG_WARN_UNREACHABLE_CODE = YES;
				CLANG_WARN__DUPLICATE_METHOD_MATCH = YES;
				COPY_PHASE_STRIP = NO;
				DEBUG_INFORMATION_FORMAT = "dwarf-with-dsym";
				ENABLE_NS_ASSERTIONS = NO;
				ENABLE_STRICT_OBJC_MSGSEND = YES;
				GCC_C_LANGUAGE_STANDARD = gnu11;
				GCC_NO_COMMON_BLOCKS = YES;
				GCC_WARN_64_TO_32_BIT_CONVERSION = YES;
				GCC_WARN_ABOUT_RETURN_TYPE = YES_ERROR;
				GCC_WARN_UNDECLARED_SELECTOR = YES;
				GCC_WARN_UNINITIALIZED_AUTOS = YES_AGGRESSIVE;
				GCC_WARN_UNUSED_FUNCTION = YES;
				GCC_WARN_UNUSED_VARIABLE = YES;
				IPHONEOS_DEPLOYMENT_TARGET = 15.0;
				MTL_ENABLE_DEBUG_INFO = NO;
				MTL_FAST_MATH = YES;
				SDKROOT = iphoneos;
				SWIFT_COMPILATION_MODE = wholemodule;
				SWIFT_OPTIMIZATION_LEVEL = "-O";
				VALIDATE_PRODUCT = YES;
			};
			name = Release;
		};
		9D9C0C472788720900EA06F1 /* Debug */ = {
			isa = XCBuildConfiguration;
			buildSettings = {
				ASSETCATALOG_COMPILER_APPICON_NAME = AppIcon;
				ASSETCATALOG_COMPILER_GLOBAL_ACCENT_COLOR_NAME = AccentColor;
				CODE_SIGN_STYLE = Automatic;
				CURRENT_PROJECT_VERSION = 1;
				DEVELOPMENT_TEAM = R36LU3NVAA;
				GENERATE_INFOPLIST_FILE = YES;
				INFOPLIST_FILE = Calculadora/Info.plist;
				INFOPLIST_KEY_UIApplicationSupportsIndirectInputEvents = YES;
				INFOPLIST_KEY_UILaunchStoryboardName = LaunchScreen;
				INFOPLIST_KEY_UIMainStoryboardFile = Main;
				INFOPLIST_KEY_UISupportedInterfaceOrientations_iPad = "UIInterfaceOrientationPortrait UIInterfaceOrientationPortraitUpsideDown UIInterfaceOrientationLandscapeLeft UIInterfaceOrientationLandscapeRight";
				INFOPLIST_KEY_UISupportedInterfaceOrientations_iPhone = "UIInterfaceOrientationPortrait UIInterfaceOrientationLandscapeLeft UIInterfaceOrientationLandscapeRight";
				LD_RUNPATH_SEARCH_PATHS = (
					"$(inherited)",
					"@executable_path/Frameworks",
				);
				MARKETING_VERSION = 1.0;
				PRODUCT_BUNDLE_IDENTIFIER = dev.becca.Calculadora;
				PRODUCT_NAME = "$(TARGET_NAME)";
				SWIFT_EMIT_LOC_STRINGS = YES;
				SWIFT_VERSION = 5.0;
				TARGETED_DEVICE_FAMILY = "1,2";
			};
			name = Debug;
		};
		9D9C0C482788720900EA06F1 /* Release */ = {
			isa = XCBuildConfiguration;
			buildSettings = {
				ASSETCATALOG_COMPILER_APPICON_NAME = AppIcon;
				ASSETCATALOG_COMPILER_GLOBAL_ACCENT_COLOR_NAME = AccentColor;
				CODE_SIGN_STYLE = Automatic;
				CURRENT_PROJECT_VERSION = 1;
				DEVELOPMENT_TEAM = R36LU3NVAA;
				GENERATE_INFOPLIST_FILE = YES;
				INFOPLIST_FILE = Calculadora/Info.plist;
				INFOPLIST_KEY_UIApplicationSupportsIndirectInputEvents = YES;
				INFOPLIST_KEY_UILaunchStoryboardName = LaunchScreen;
				INFOPLIST_KEY_UIMainStoryboardFile = Main;
				INFOPLIST_KEY_UISupportedInterfaceOrientations_iPad = "UIInterfaceOrientationPortrait UIInterfaceOrientationPortraitUpsideDown UIInterfaceOrientationLandscapeLeft UIInterfaceOrientationLandscapeRight";
				INFOPLIST_KEY_UISupportedInterfaceOrientations_iPhone = "UIInterfaceOrientationPortrait UIInterfaceOrientationLandscapeLeft UIInterfaceOrientationLandscapeRight";
				LD_RUNPATH_SEARCH_PATHS = (
					"$(inherited)",
					"@executable_path/Frameworks",
				);
				MARKETING_VERSION = 1.0;
				PRODUCT_BUNDLE_IDENTIFIER = dev.becca.Calculadora;
				PRODUCT_NAME = "$(TARGET_NAME)";
				SWIFT_EMIT_LOC_STRINGS = YES;
				SWIFT_VERSION = 5.0;
				TARGETED_DEVICE_FAMILY = "1,2";
			};
			name = Release;
		};
		9D9C0C4A2788720900EA06F1 /* Debug */ = {
			isa = XCBuildConfiguration;
			buildSettings = {
				ALWAYS_EMBED_SWIFT_STANDARD_LIBRARIES = YES;
				BUNDLE_LOADER = "$(TEST_HOST)";
				CODE_SIGN_STYLE = Automatic;
				CURRENT_PROJECT_VERSION = 1;
				DEVELOPMENT_TEAM = R36LU3NVAA;
				GENERATE_INFOPLIST_FILE = YES;
				IPHONEOS_DEPLOYMENT_TARGET = 15.0;
				LD_RUNPATH_SEARCH_PATHS = (
					"$(inherited)",
					"@executable_path/Frameworks",
					"@loader_path/Frameworks",
				);
				MARKETING_VERSION = 1.0;
				PRODUCT_BUNDLE_IDENTIFIER = dev.becca.CalculadoraTests;
				PRODUCT_NAME = "$(TARGET_NAME)";
				SWIFT_EMIT_LOC_STRINGS = NO;
				SWIFT_VERSION = 5.0;
				TARGETED_DEVICE_FAMILY = "1,2";
				TEST_HOST = "$(BUILT_PRODUCTS_DIR)/Calculadora.app/Calculadora";
			};
			name = Debug;
		};
		9D9C0C4B2788720900EA06F1 /* Release */ = {
			isa = XCBuildConfiguration;
			buildSettings = {
				ALWAYS_EMBED_SWIFT_STANDARD_LIBRARIES = YES;
				BUNDLE_LOADER = "$(TEST_HOST)";
				CODE_SIGN_STYLE = Automatic;
				CURRENT_PROJECT_VERSION = 1;
				DEVELOPMENT_TEAM = R36LU3NVAA;
				GENERATE_INFOPLIST_FILE = YES;
				IPHONEOS_DEPLOYMENT_TARGET = 15.0;
				LD_RUNPATH_SEARCH_PATHS = (
					"$(inherited)",
					"@executable_path/Frameworks",
					"@loader_path/Frameworks",
				);
				MARKETING_VERSION = 1.0;
				PRODUCT_BUNDLE_IDENTIFIER = dev.becca.CalculadoraTests;
				PRODUCT_NAME = "$(TARGET_NAME)";
				SWIFT_EMIT_LOC_STRINGS = NO;
				SWIFT_VERSION = 5.0;
				TARGETED_DEVICE_FAMILY = "1,2";
				TEST_HOST = "$(BUILT_PRODUCTS_DIR)/Calculadora.app/Calculadora";
			};
			name = Release;
		};
		9D9C0C4D2788720900EA06F1 /* Debug */ = {
			isa = XCBuildConfiguration;
			buildSettings = {
				ALWAYS_EMBED_SWIFT_STANDARD_LIBRARIES = YES;
				CODE_SIGN_STYLE = Automatic;
				CURRENT_PROJECT_VERSION = 1;
				DEVELOPMENT_TEAM = R36LU3NVAA;
				GENERATE_INFOPLIST_FILE = YES;
				LD_RUNPATH_SEARCH_PATHS = (
					"$(inherited)",
					"@executable_path/Frameworks",
					"@loader_path/Frameworks",
				);
				MARKETING_VERSION = 1.0;
				PRODUCT_BUNDLE_IDENTIFIER = dev.becca.CalculadoraUITests;
				PRODUCT_NAME = "$(TARGET_NAME)";
				SWIFT_EMIT_LOC_STRINGS = NO;
				SWIFT_VERSION = 5.0;
				TARGETED_DEVICE_FAMILY = "1,2";
				TEST_TARGET_NAME = Calculadora;
			};
			name = Debug;
		};
		9D9C0C4E2788720900EA06F1 /* Release */ = {
			isa = XCBuildConfiguration;
			buildSettings = {
				ALWAYS_EMBED_SWIFT_STANDARD_LIBRARIES = YES;
				CODE_SIGN_STYLE = Automatic;
				CURRENT_PROJECT_VERSION = 1;
				DEVELOPMENT_TEAM = R36LU3NVAA;
				GENERATE_INFOPLIST_FILE = YES;
				LD_RUNPATH_SEARCH_PATHS = (
					"$(inherited)",
					"@executable_path/Frameworks",
					"@loader_path/Frameworks",
				);
				MARKETING_VERSION = 1.0;
				PRODUCT_BUNDLE_IDENTIFIER = dev.becca.CalculadoraUITests;
				PRODUCT_NAME = "$(TARGET_NAME)";
				SWIFT_EMIT_LOC_STRINGS = NO;
				SWIFT_VERSION = 5.0;
				TARGETED_DEVICE_FAMILY = "1,2";
				TEST_TARGET_NAME = Calculadora;
			};
			name = Release;
		};
/* End XCBuildConfiguration section */

/* Begin XCConfigurationList section */
		9D9C0C172788720700EA06F1 /* Build configuration list for PBXProject "Calculadora" */ = {
			isa = XCConfigurationList;
			buildConfigurations = (
				9D9C0C442788720900EA06F1 /* Debug */,
				9D9C0C452788720900EA06F1 /* Release */,
			);
			defaultConfigurationIsVisible = 0;
			defaultConfigurationName = Release;
		};
		9D9C0C462788720900EA06F1 /* Build configuration list for PBXNativeTarget "Calculadora" */ = {
			isa = XCConfigurationList;
			buildConfigurations = (
				9D9C0C472788720900EA06F1 /* Debug */,
				9D9C0C482788720900EA06F1 /* Release */,
			);
			defaultConfigurationIsVisible = 0;
			defaultConfigurationName = Release;
		};
		9D9C0C492788720900EA06F1 /* Build configuration list for PBXNativeTarget "CalculadoraTests" */ = {
			isa = XCConfigurationList;
			buildConfigurations = (
				9D9C0C4A2788720900EA06F1 /* Debug */,
				9D9C0C4B2788720900EA06F1 /* Release */,
			);
			defaultConfigurationIsVisible = 0;
			defaultConfigurationName = Release;
		};
		9D9C0C4C2788720900EA06F1 /* Build configuration list for PBXNativeTarget "CalculadoraUITests" */ = {
			isa = XCConfigurationList;
			buildConfigurations = (
				9D9C0C4D2788720900EA06F1 /* Debug */,
				9D9C0C4E2788720900EA06F1 /* Release */,
			);
			defaultConfigurationIsVisible = 0;
			defaultConfigurationName = Release;
		};
/* End XCConfigurationList section */
	};
	rootObject = 9D9C0C142788720700EA06F1 /* Project object */;
}
